
Microsoft Visual Studio Solution File, Format Version 12.00
# Visual Studio 15
VisualStudioVersion = 15.0.28307.168
MinimumVisualStudioVersion = 10.0.40219.1
Project("{FAE04EC0-301F-11D3-BF4B-00C04F79EFBC}") = "QLKhobai", "QLKhobai\QLKhobai.csproj", "{D1782CE1-7396-491C-A4B8-3A259A90E952}"
EndProject
Global
	GlobalSection(SolutionConfigurationPlatforms) = preSolution
		Debug|Any CPU = Debug|Any CPU
		Release|Any CPU = Release|Any CPU
	EndGlobalSection
	GlobalSection(ProjectConfigurationPlatforms) = postSolution
		{D1782CE1-7396-491C-A4B8-3A259A90E952}.Debug|Any CPU.ActiveCfg = Debug|Any CPU
		{D1782CE1-7396-491C-A4B8-3A259A90E952}.Debug|Any CPU.Build.0 = Debug|Any CPU
		{D1782CE1-7396-491C-A4B8-3A259A90E952}.Release|Any CPU.ActiveCfg = Release|Any CPU
		{D1782CE1-7396-491C-A4B8-3A259A90E952}.Release|Any CPU.Build.0 = Release|Any CPU
	EndGlobalSection
	GlobalSection(SolutionProperties) = preSolution
		HideSolutionNode = FALSE
	EndGlobalSection
	GlobalSection(ExtensibilityGlobals) = postSolution
		SolutionGuid = {A527A23C-ADC5-403E-A00B-6C6899DB7053}
	EndGlobalSection
EndGlobal
